// !$*UTF8*$!
{
	archiveVersion = 1;
	classes = {
	};
	objectVersion = 55;
	objects = {

/* Begin PBXBuildFile section */
		9DFE4727290B735D008984F7 /* kripton2App.swift in Sources */ = {isa = PBXBuildFile; fileRef = 9DFE4726290B735D008984F7 /* kripton2App.swift */; };
		9DFE4729290B735D008984F7 /* ContentView.swift in Sources */ = {isa = PBXBuildFile; fileRef = 9DFE4728290B735D008984F7 /* ContentView.swift */; };
		9DFE472B290B735E008984F7 /* Assets.xcassets in Resources */ = {isa = PBXBuildFile; fileRef = 9DFE472A290B735E008984F7 /* Assets.xcassets */; };
		9DFE472E290B735E008984F7 /* Preview Assets.xcassets in Resources */ = {isa = PBXBuildFile; fileRef = 9DFE472D290B735E008984F7 /* Preview Assets.xcassets */; };
		9DFE4738290B735E008984F7 /* kripton2Tests.swift in Sources */ = {isa = PBXBuildFile; fileRef = 9DFE4737290B735E008984F7 /* kripton2Tests.swift */; };
		9DFE4742290B735E008984F7 /* kripton2UITests.swift in Sources */ = {isa = PBXBuildFile; fileRef = 9DFE4741290B735E008984F7 /* kripton2UITests.swift */; };
		9DFE4744290B735E008984F7 /* kripton2UITestsLaunchTests.swift in Sources */ = {isa = PBXBuildFile; fileRef = 9DFE4743290B735E008984F7 /* kripton2UITestsLaunchTests.swift */; };
		9DFE4753290B779F008984F7 /* WelcomePage.swift in Sources */ = {isa = PBXBuildFile; fileRef = 9DFE4752290B779F008984F7 /* WelcomePage.swift */; };
		9DFE4755290B7D82008984F7 /* Localizable.strings in Resources */ = {isa = PBXBuildFile; fileRef = 9DFE4754290B7D82008984F7 /* Localizable.strings */; };
		9DFE4758290B7FCC008984F7 /* String+Extentions.swift in Sources */ = {isa = PBXBuildFile; fileRef = 9DFE4757290B7FCC008984F7 /* String+Extentions.swift */; };
		9DFE475A290B8106008984F7 /* Constants.swift in Sources */ = {isa = PBXBuildFile; fileRef = 9DFE4759290B8106008984F7 /* Constants.swift */; };
/* End PBXBuildFile section */

/* Begin PBXContainerItemProxy section */
		9DFE4734290B735E008984F7 /* PBXContainerItemProxy */ = {
			isa = PBXContainerItemProxy;
			containerPortal = 9DFE471B290B735C008984F7 /* Project object */;
			proxyType = 1;
			remoteGlobalIDString = 9DFE4722290B735D008984F7;
			remoteInfo = kripton2;
		};
		9DFE473E290B735E008984F7 /* PBXContainerItemProxy */ = {
			isa = PBXContainerItemProxy;
			containerPortal = 9DFE471B290B735C008984F7 /* Project object */;
			proxyType = 1;
			remoteGlobalIDString = 9DFE4722290B735D008984F7;
			remoteInfo = kripton2;
		};
/* End PBXContainerItemProxy section */

/* Begin PBXFileReference section */
		9DFE4723290B735D008984F7 /* kripton2.app */ = {isa = PBXFileReference; explicitFileType = wrapper.application; includeInIndex = 0; path = kripton2.app; sourceTree = BUILT_PRODUCTS_DIR; };
		9DFE4726290B735D008984F7 /* kripton2App.swift */ = {isa = PBXFileReference; lastKnownFileType = sourcecode.swift; path = kripton2App.swift; sourceTree = "<group>"; };
		9DFE4728290B735D008984F7 /* ContentView.swift */ = {isa = PBXFileReference; lastKnownFileType = sourcecode.swift; path = ContentView.swift; sourceTree = "<group>"; };
		9DFE472A290B735E008984F7 /* Assets.xcassets */ = {isa = PBXFileReference; lastKnownFileType = folder.assetcatalog; path = Assets.xcassets; sourceTree = "<group>"; };
		9DFE472D290B735E008984F7 /* Preview Assets.xcassets */ = {isa = PBXFileReference; lastKnownFileType = folder.assetcatalog; path = "Preview Assets.xcassets"; sourceTree = "<group>"; };
		9DFE4733290B735E008984F7 /* kripton2Tests.xctest */ = {isa = PBXFileReference; explicitFileType = wrapper.cfbundle; includeInIndex = 0; path = kripton2Tests.xctest; sourceTree = BUILT_PRODUCTS_DIR; };
		9DFE4737290B735E008984F7 /* kripton2Tests.swift */ = {isa = PBXFileReference; lastKnownFileType = sourcecode.swift; path = kripton2Tests.swift; sourceTree = "<group>"; };
		9DFE473D290B735E008984F7 /* kripton2UITests.xctest */ = {isa = PBXFileReference; explicitFileType = wrapper.cfbundle; includeInIndex = 0; path = kripton2UITests.xctest; sourceTree = BUILT_PRODUCTS_DIR; };
		9DFE4741290B735E008984F7 /* kripton2UITests.swift */ = {isa = PBXFileReference; lastKnownFileType = sourcecode.swift; path = kripton2UITests.swift; sourceTree = "<group>"; };
		9DFE4743290B735E008984F7 /* kripton2UITestsLaunchTests.swift */ = {isa = PBXFileReference; lastKnownFileType = sourcecode.swift; path = kripton2UITestsLaunchTests.swift; sourceTree = "<group>"; };
		9DFE4752290B779F008984F7 /* WelcomePage.swift */ = {isa = PBXFileReference; lastKnownFileType = sourcecode.swift; path = WelcomePage.swift; sourceTree = "<group>"; };
		9DFE4754290B7D82008984F7 /* Localizable.strings */ = {isa = PBXFileReference; lastKnownFileType = text.plist.strings; path = Localizable.strings; sourceTree = "<group>"; };
		9DFE4757290B7FCC008984F7 /* String+Extentions.swift */ = {isa = PBXFileReference; lastKnownFileType = sourcecode.swift; path = "String+Extentions.swift"; sourceTree = "<group>"; };
		9DFE4759290B8106008984F7 /* Constants.swift */ = {isa = PBXFileReference; lastKnownFileType = sourcecode.swift; path = Constants.swift; sourceTree = "<group>"; };
/* End PBXFileReference section */

/* Begin PBXFrameworksBuildPhase section */
		9DFE4720290B735D008984F7 /* Frameworks */ = {
			isa = PBXFrameworksBuildPhase;
			buildActionMask = 2147483647;
			files = (
			);
			runOnlyForDeploymentPostprocessing = 0;
		};
		9DFE4730290B735E008984F7 /* Frameworks */ = {
			isa = PBXFrameworksBuildPhase;
			buildActionMask = 2147483647;
			files = (
			);
			runOnlyForDeploymentPostprocessing = 0;
		};
		9DFE473A290B735E008984F7 /* Frameworks */ = {
			isa = PBXFrameworksBuildPhase;
			buildActionMask = 2147483647;
			files = (
			);
			runOnlyForDeploymentPostprocessing = 0;
		};
/* End PBXFrameworksBuildPhase section */

/* Begin PBXGroup section */
		9DFE471A290B735C008984F7 = {
			isa = PBXGroup;
			children = (
				9DFE4725290B735D008984F7 /* kripton2 */,
				9DFE4736290B735E008984F7 /* kripton2Tests */,
				9DFE4740290B735E008984F7 /* kripton2UITests */,
				9DFE4724290B735D008984F7 /* Products */,
			);
			sourceTree = "<group>";
		};
		9DFE4724290B735D008984F7 /* Products */ = {
			isa = PBXGroup;
			children = (
				9DFE4723290B735D008984F7 /* kripton2.app */,
				9DFE4733290B735E008984F7 /* kripton2Tests.xctest */,
				9DFE473D290B735E008984F7 /* kripton2UITests.xctest */,
			);
			name = Products;
			sourceTree = "<group>";
		};
		9DFE4725290B735D008984F7 /* kripton2 */ = {
			isa = PBXGroup;
			children = (
				9DFE4756290B7FA5008984F7 /* utils */,
				9DFE4750290B7781008984F7 /* ui */,
				9DFE4726290B735D008984F7 /* kripton2App.swift */,
				9DFE4728290B735D008984F7 /* ContentView.swift */,
				9DFE472A290B735E008984F7 /* Assets.xcassets */,
				9DFE472C290B735E008984F7 /* Preview Content */,
				9DFE4754290B7D82008984F7 /* Localizable.strings */,
			);
			path = kripton2;
			sourceTree = "<group>";
		};
		9DFE472C290B735E008984F7 /* Preview Content */ = {
			isa = PBXGroup;
			children = (
				9DFE472D290B735E008984F7 /* Preview Assets.xcassets */,
			);
			path = "Preview Content";
			sourceTree = "<group>";
		};
		9DFE4736290B735E008984F7 /* kripton2Tests */ = {
			isa = PBXGroup;
			children = (
				9DFE4737290B735E008984F7 /* kripton2Tests.swift */,
			);
			path = kripton2Tests;
			sourceTree = "<group>";
		};
		9DFE4740290B735E008984F7 /* kripton2UITests */ = {
			isa = PBXGroup;
			children = (
				9DFE4741290B735E008984F7 /* kripton2UITests.swift */,
				9DFE4743290B735E008984F7 /* kripton2UITestsLaunchTests.swift */,
			);
			path = kripton2UITests;
			sourceTree = "<group>";
		};
		9DFE4750290B7781008984F7 /* ui */ = {
			isa = PBXGroup;
			children = (
				9DFE4751290B7787008984F7 /* login */,
			);
			path = ui;
			sourceTree = "<group>";
		};
		9DFE4751290B7787008984F7 /* login */ = {
			isa = PBXGroup;
			children = (
				9DFE4752290B779F008984F7 /* WelcomePage.swift */,
			);
			path = login;
			sourceTree = "<group>";
		};
		9DFE4756290B7FA5008984F7 /* utils */ = {
			isa = PBXGroup;
			children = (
				9DFE4757290B7FCC008984F7 /* String+Extentions.swift */,
				9DFE4759290B8106008984F7 /* Constants.swift */,
			);
			path = utils;
			sourceTree = "<group>";
		};
/* End PBXGroup section */

/* Begin PBXNativeTarget section */
		9DFE4722290B735D008984F7 /* kripton2 */ = {
			isa = PBXNativeTarget;
			buildConfigurationList = 9DFE4747290B735E008984F7 /* Build configuration list for PBXNativeTarget "kripton2" */;
			buildPhases = (
				9DFE471F290B735D008984F7 /* Sources */,
				9DFE4720290B735D008984F7 /* Frameworks */,
				9DFE4721290B735D008984F7 /* Resources */,
			);
			buildRules = (
			);
			dependencies = (
			);
			name = kripton2;
			productName = kripton2;
			productReference = 9DFE4723290B735D008984F7 /* kripton2.app */;
			productType = "com.apple.product-type.application";
		};
		9DFE4732290B735E008984F7 /* kripton2Tests */ = {
			isa = PBXNativeTarget;
			buildConfigurationList = 9DFE474A290B735E008984F7 /* Build configuration list for PBXNativeTarget "kripton2Tests" */;
			buildPhases = (
				9DFE472F290B735E008984F7 /* Sources */,
				9DFE4730290B735E008984F7 /* Frameworks */,
				9DFE4731290B735E008984F7 /* Resources */,
			);
			buildRules = (
			);
			dependencies = (
				9DFE4735290B735E008984F7 /* PBXTargetDependency */,
			);
			name = kripton2Tests;
			productName = kripton2Tests;
			productReference = 9DFE4733290B735E008984F7 /* kripton2Tests.xctest */;
			productType = "com.apple.product-type.bundle.unit-test";
		};
		9DFE473C290B735E008984F7 /* kripton2UITests */ = {
			isa = PBXNativeTarget;
			buildConfigurationList = 9DFE474D290B735E008984F7 /* Build configuration list for PBXNativeTarget "kripton2UITests" */;
			buildPhases = (
				9DFE4739290B735E008984F7 /* Sources */,
				9DFE473A290B735E008984F7 /* Frameworks */,
				9DFE473B290B735E008984F7 /* Resources */,
			);
			buildRules = (
			);
			dependencies = (
				9DFE473F290B735E008984F7 /* PBXTargetDependency */,
			);
			name = kripton2UITests;
			productName = kripton2UITests;
			productReference = 9DFE473D290B735E008984F7 /* kripton2UITests.xctest */;
			productType = "com.apple.product-type.bundle.ui-testing";
		};
/* End PBXNativeTarget section */

/* Begin PBXProject section */
		9DFE471B290B735C008984F7 /* Project object */ = {
			isa = PBXProject;
			attributes = {
				BuildIndependentTargetsInParallel = 1;
				LastSwiftUpdateCheck = 1340;
				LastUpgradeCheck = 1340;
				TargetAttributes = {
					9DFE4722290B735D008984F7 = {
						CreatedOnToolsVersion = 13.4.1;
					};
					9DFE4732290B735E008984F7 = {
						CreatedOnToolsVersion = 13.4.1;
						TestTargetID = 9DFE4722290B735D008984F7;
					};
					9DFE473C290B735E008984F7 = {
						CreatedOnToolsVersion = 13.4.1;
						TestTargetID = 9DFE4722290B735D008984F7;
					};
				};
			};
			buildConfigurationList = 9DFE471E290B735C008984F7 /* Build configuration list for PBXProject "kripton2" */;
			compatibilityVersion = "Xcode 13.0";
			developmentRegion = en;
			hasScannedForEncodings = 0;
			knownRegions = (
				en,
				Base,
			);
			mainGroup = 9DFE471A290B735C008984F7;
			productRefGroup = 9DFE4724290B735D008984F7 /* Products */;
			projectDirPath = "";
			projectRoot = "";
			targets = (
				9DFE4722290B735D008984F7 /* kripton2 */,
				9DFE4732290B735E008984F7 /* kripton2Tests */,
				9DFE473C290B735E008984F7 /* kripton2UITests */,
			);
		};
/* End PBXProject section */

/* Begin PBXResourcesBuildPhase section */
		9DFE4721290B735D008984F7 /* Resources */ = {
			isa = PBXResourcesBuildPhase;
			buildActionMask = 2147483647;
			files = (
				9DFE472E290B735E008984F7 /* Preview Assets.xcassets in Resources */,
				9DFE4755290B7D82008984F7 /* Localizable.strings in Resources */,
				9DFE472B290B735E008984F7 /* Assets.xcassets in Resources */,
			);
			runOnlyForDeploymentPostprocessing = 0;
		};
		9DFE4731290B735E008984F7 /* Resources */ = {
			isa = PBXResourcesBuildPhase;
			buildActionMask = 2147483647;
			files = (
			);
			runOnlyForDeploymentPostprocessing = 0;
		};
		9DFE473B290B735E008984F7 /* Resources */ = {
			isa = PBXResourcesBuildPhase;
			buildActionMask = 2147483647;
			files = (
			);
			runOnlyForDeploymentPostprocessing = 0;
		};
/* End PBXResourcesBuildPhase section */

/* Begin PBXSourcesBuildPhase section */
		9DFE471F290B735D008984F7 /* Sources */ = {
			isa = PBXSourcesBuildPhase;
			buildActionMask = 2147483647;
			files = (
				9DFE475A290B8106008984F7 /* Constants.swift in Sources */,
				9DFE4753290B779F008984F7 /* WelcomePage.swift in Sources */,
				9DFE4758290B7FCC008984F7 /* String+Extentions.swift in Sources */,
				9DFE4729290B735D008984F7 /* ContentView.swift in Sources */,
				9DFE4727290B735D008984F7 /* kripton2App.swift in Sources */,
			);
			runOnlyForDeploymentPostprocessing = 0;
		};
		9DFE472F290B735E008984F7 /* Sources */ = {
			isa = PBXSourcesBuildPhase;
			buildActionMask = 2147483647;
			files = (
				9DFE4738290B735E008984F7 /* kripton2Tests.swift in Sources */,
			);
			runOnlyForDeploymentPostprocessing = 0;
		};
		9DFE4739290B735E008984F7 /* Sources */ = {
			isa = PBXSourcesBuildPhase;
			buildActionMask = 2147483647;
			files = (
				9DFE4744290B735E008984F7 /* kripton2UITestsLaunchTests.swift in Sources */,
				9DFE4742290B735E008984F7 /* kripton2UITests.swift in Sources */,
			);
			runOnlyForDeploymentPostprocessing = 0;
		};
/* End PBXSourcesBuildPhase section */

/* Begin PBXTargetDependency section */
		9DFE4735290B735E008984F7 /* PBXTargetDependency */ = {
			isa = PBXTargetDependency;
			target = 9DFE4722290B735D008984F7 /* kripton2 */;
			targetProxy = 9DFE4734290B735E008984F7 /* PBXContainerItemProxy */;
		};
		9DFE473F290B735E008984F7 /* PBXTargetDependency */ = {
			isa = PBXTargetDependency;
			target = 9DFE4722290B735D008984F7 /* kripton2 */;
			targetProxy = 9DFE473E290B735E008984F7 /* PBXContainerItemProxy */;
		};
/* End PBXTargetDependency section */

/* Begin XCBuildConfiguration section */
		9DFE4745290B735E008984F7 /* Debug */ = {
			isa = XCBuildConfiguration;
			buildSettings = {
				ALWAYS_SEARCH_USER_PATHS = NO;
				CLANG_ANALYZER_NONNULL = YES;
				CLANG_ANALYZER_NUMBER_OBJECT_CONVERSION = YES_AGGRESSIVE;
				CLANG_CXX_LANGUAGE_STANDARD = "gnu++17";
				CLANG_ENABLE_MODULES = YES;
				CLANG_ENABLE_OBJC_ARC = YES;
				CLANG_ENABLE_OBJC_WEAK = YES;
				CLANG_WARN_BLOCK_CAPTURE_AUTORELEASING = YES;
				CLANG_WARN_BOOL_CONVERSION = YES;
				CLANG_WARN_COMMA = YES;
				CLANG_WARN_CONSTANT_CONVERSION = YES;
				CLANG_WARN_DEPRECATED_OBJC_IMPLEMENTATIONS = YES;
				CLANG_WARN_DIRECT_OBJC_ISA_USAGE = YES_ERROR;
				CLANG_WARN_DOCUMENTATION_COMMENTS = YES;
				CLANG_WARN_EMPTY_BODY = YES;
				CLANG_WARN_ENUM_CONVERSION = YES;
				CLANG_WARN_INFINITE_RECURSION = YES;
				CLANG_WARN_INT_CONVERSION = YES;
				CLANG_WARN_NON_LITERAL_NULL_CONVERSION = YES;
				CLANG_WARN_OBJC_IMPLICIT_RETAIN_SELF = YES;
				CLANG_WARN_OBJC_LITERAL_CONVERSION = YES;
				CLANG_WARN_OBJC_ROOT_CLASS = YES_ERROR;
				CLANG_WARN_QUOTED_INCLUDE_IN_FRAMEWORK_HEADER = YES;
				CLANG_WARN_RANGE_LOOP_ANALYSIS = YES;
				CLANG_WARN_STRICT_PROTOTYPES = YES;
				CLANG_WARN_SUSPICIOUS_MOVE = YES;
				CLANG_WARN_UNGUARDED_AVAILABILITY = YES_AGGRESSIVE;
				CLANG_WARN_UNREACHABLE_CODE = YES;
				CLANG_WARN__DUPLICATE_METHOD_MATCH = YES;
				COPY_PHASE_STRIP = NO;
				DEBUG_INFORMATION_FORMAT = dwarf;
				ENABLE_STRICT_OBJC_MSGSEND = YES;
				ENABLE_TESTABILITY = YES;
				GCC_C_LANGUAGE_STANDARD = gnu11;
				GCC_DYNAMIC_NO_PIC = NO;
				GCC_NO_COMMON_BLOCKS = YES;
				GCC_OPTIMIZATION_LEVEL = 0;
				GCC_PREPROCESSOR_DEFINITIONS = (
					"DEBUG=1",
					"$(inherited)",
				);
				GCC_WARN_64_TO_32_BIT_CONVERSION = YES;
				GCC_WARN_ABOUT_RETURN_TYPE = YES_ERROR;
				GCC_WARN_UNDECLARED_SELECTOR = YES;
				GCC_WARN_UNINITIALIZED_AUTOS = YES_AGGRESSIVE;
				GCC_WARN_UNUSED_FUNCTION = YES;
				GCC_WARN_UNUSED_VARIABLE = YES;
				IPHONEOS_DEPLOYMENT_TARGET = 15.5;
				MTL_ENABLE_DEBUG_INFO = INCLUDE_SOURCE;
				MTL_FAST_MATH = YES;
				ONLY_ACTIVE_ARCH = YES;
				SDKROOT = iphoneos;
				SWIFT_ACTIVE_COMPILATION_CONDITIONS = DEBUG;
				SWIFT_OPTIMIZATION_LEVEL = "-Onone";
			};
			name = Debug;
		};
		9DFE4746290B735E008984F7 /* Release */ = {
			isa = XCBuildConfiguration;
			buildSettings = {
				ALWAYS_SEARCH_USER_PATHS = NO;
				CLANG_ANALYZER_NONNULL = YES;
				CLANG_ANALYZER_NUMBER_OBJECT_CONVERSION = YES_AGGRESSIVE;
				CLANG_CXX_LANGUAGE_STANDARD = "gnu++17";
				CLANG_ENABLE_MODULES = YES;
				CLANG_ENABLE_OBJC_ARC = YES;
				CLANG_ENABLE_OBJC_WEAK = YES;
				CLANG_WARN_BLOCK_CAPTURE_AUTORELEASING = YES;
				CLANG_WARN_BOOL_CONVERSION = YES;
				CLANG_WARN_COMMA = YES;
				CLANG_WARN_CONSTANT_CONVERSION = YES;
				CLANG_WARN_DEPRECATED_OBJC_IMPLEMENTATIONS = YES;
				CLANG_WARN_DIRECT_OBJC_ISA_USAGE = YES_ERROR;
				CLANG_WARN_DOCUMENTATION_COMMENTS = YES;
				CLANG_WARN_EMPTY_BODY = YES;
				CLANG_WARN_ENUM_CONVERSION = YES;
				CLANG_WARN_INFINITE_RECURSION = YES;
				CLANG_WARN_INT_CONVERSION = YES;
				CLANG_WARN_NON_LITERAL_NULL_CONVERSION = YES;
				CLANG_WARN_OBJC_IMPLICIT_RETAIN_SELF = YES;
				CLANG_WARN_OBJC_LITERAL_CONVERSION = YES;
				CLANG_WARN_OBJC_ROOT_CLASS = YES_ERROR;
				CLANG_WARN_QUOTED_INCLUDE_IN_FRAMEWORK_HEADER = YES;
				CLANG_WARN_RANGE_LOOP_ANALYSIS = YES;
				CLANG_WARN_STRICT_PROTOTYPES = YES;
				CLANG_WARN_SUSPICIOUS_MOVE = YES;
				CLANG_WARN_UNGUARDED_AVAILABILITY = YES_AGGRESSIVE;
				CLANG_WARN_UNREACHABLE_CODE = YES;
				CLANG_WARN__DUPLICATE_METHOD_MATCH = YES;
				COPY_PHASE_STRIP = NO;
				DEBUG_INFORMATION_FORMAT = "dwarf-with-dsym";
				ENABLE_NS_ASSERTIONS = NO;
				ENABLE_STRICT_OBJC_MSGSEND = YES;
				GCC_C_LANGUAGE_STANDARD = gnu11;
				GCC_NO_COMMON_BLOCKS = YES;
				GCC_WARN_64_TO_32_BIT_CONVERSION = YES;
				GCC_WARN_ABOUT_RETURN_TYPE = YES_ERROR;
				GCC_WARN_UNDECLARED_SELECTOR = YES;
				GCC_WARN_UNINITIALIZED_AUTOS = YES_AGGRESSIVE;
				GCC_WARN_UNUSED_FUNCTION = YES;
				GCC_WARN_UNUSED_VARIABLE = YES;
				IPHONEOS_DEPLOYMENT_TARGET = 15.5;
				MTL_ENABLE_DEBUG_INFO = NO;
				MTL_FAST_MATH = YES;
				SDKROOT = iphoneos;
				SWIFT_COMPILATION_MODE = wholemodule;
				SWIFT_OPTIMIZATION_LEVEL = "-O";
				VALIDATE_PRODUCT = YES;
			};
			name = Release;
		};
		9DFE4748290B735E008984F7 /* Debug */ = {
			isa = XCBuildConfiguration;
			buildSettings = {
				ASSETCATALOG_COMPILER_APPICON_NAME = AppIcon;
				ASSETCATALOG_COMPILER_GLOBAL_ACCENT_COLOR_NAME = AccentColor;
				CODE_SIGN_STYLE = Automatic;
				CURRENT_PROJECT_VERSION = 1;
				DEVELOPMENT_ASSET_PATHS = "\"kripton2/Preview Content\"";
				DEVELOPMENT_TEAM = 9BU7D968YC;
				ENABLE_PREVIEWS = YES;
				GENERATE_INFOPLIST_FILE = YES;
				INFOPLIST_KEY_UIApplicationSceneManifest_Generation = YES;
				INFOPLIST_KEY_UIApplicationSupportsIndirectInputEvents = YES;
				INFOPLIST_KEY_UILaunchScreen_Generation = YES;
				INFOPLIST_KEY_UISupportedInterfaceOrientations_iPad = "UIInterfaceOrientationPortrait UIInterfaceOrientationPortraitUpsideDown UIInterfaceOrientationLandscapeLeft UIInterfaceOrientationLandscapeRight";
				INFOPLIST_KEY_UISupportedInterfaceOrientations_iPhone = "UIInterfaceOrientationPortrait UIInterfaceOrientationLandscapeLeft UIInterfaceOrientationLandscapeRight";
				LD_RUNPATH_SEARCH_PATHS = (
					"$(inherited)",
					"@executable_path/Frameworks",
				);
				MARKETING_VERSION = 1.0;
				PRODUCT_BUNDLE_IDENTIFIER = ec.com.urbanoexpress.kripton2;
				PRODUCT_NAME = "$(TARGET_NAME)";
				SWIFT_EMIT_LOC_STRINGS = YES;
				SWIFT_VERSION = 5.0;
				TARGETED_DEVICE_FAMILY = "1,2";
			};
			name = Debug;
		};
		9DFE4749290B735E008984F7 /* Release */ = {
			isa = XCBuildConfiguration;
			buildSettings = {
				ASSETCATALOG_COMPILER_APPICON_NAME = AppIcon;
				ASSETCATALOG_COMPILER_GLOBAL_ACCENT_COLOR_NAME = AccentColor;
				CODE_SIGN_STYLE = Automatic;
				CURRENT_PROJECT_VERSION = 1;
				DEVELOPMENT_ASSET_PATHS = "\"kripton2/Preview Content\"";
				DEVELOPMENT_TEAM = 9BU7D968YC;
				ENABLE_PREVIEWS = YES;
				GENERATE_INFOPLIST_FILE = YES;
				INFOPLIST_KEY_UIApplicationSceneManifest_Generation = YES;
				INFOPLIST_KEY_UIApplicationSupportsIndirectInputEvents = YES;
				INFOPLIST_KEY_UILaunchScreen_Generation = YES;
				INFOPLIST_KEY_UISupportedInterfaceOrientations_iPad = "UIInterfaceOrientationPortrait UIInterfaceOrientationPortraitUpsideDown UIInterfaceOrientationLandscapeLeft UIInterfaceOrientationLandscapeRight";
				INFOPLIST_KEY_UISupportedInterfaceOrientations_iPhone = "UIInterfaceOrientationPortrait UIInterfaceOrientationLandscapeLeft UIInterfaceOrientationLandscapeRight";
				LD_RUNPATH_SEARCH_PATHS = (
					"$(inherited)",
					"@executable_path/Frameworks",
				);
				MARKETING_VERSION = 1.0;
				PRODUCT_BUNDLE_IDENTIFIER = ec.com.urbanoexpress.kripton2;
				PRODUCT_NAME = "$(TARGET_NAME)";
				SWIFT_EMIT_LOC_STRINGS = YES;
				SWIFT_VERSION = 5.0;
				TARGETED_DEVICE_FAMILY = "1,2";
			};
			name = Release;
		};
		9DFE474B290B735E008984F7 /* Debug */ = {
			isa = XCBuildConfiguration;
			buildSettings = {
				ALWAYS_EMBED_SWIFT_STANDARD_LIBRARIES = YES;
				BUNDLE_LOADER = "$(TEST_HOST)";
				CODE_SIGN_STYLE = Automatic;
				CURRENT_PROJECT_VERSION = 1;
				DEVELOPMENT_TEAM = 9BU7D968YC;
				GENERATE_INFOPLIST_FILE = YES;
				IPHONEOS_DEPLOYMENT_TARGET = 15.5;
				MARKETING_VERSION = 1.0;
				PRODUCT_BUNDLE_IDENTIFIER = ec.com.urbanoexpress.kripton2Tests;
				PRODUCT_NAME = "$(TARGET_NAME)";
				SWIFT_EMIT_LOC_STRINGS = NO;
				SWIFT_VERSION = 5.0;
				TARGETED_DEVICE_FAMILY = "1,2";
				TEST_HOST = "$(BUILT_PRODUCTS_DIR)/kripton2.app/kripton2";
			};
			name = Debug;
		};
		9DFE474C290B735E008984F7 /* Release */ = {
			isa = XCBuildConfiguration;
			buildSettings = {
				ALWAYS_EMBED_SWIFT_STANDARD_LIBRARIES = YES;
				BUNDLE_LOADER = "$(TEST_HOST)";
				CODE_SIGN_STYLE = Automatic;
				CURRENT_PROJECT_VERSION = 1;
				DEVELOPMENT_TEAM = 9BU7D968YC;
				GENERATE_INFOPLIST_FILE = YES;
				IPHONEOS_DEPLOYMENT_TARGET = 15.5;
				MARKETING_VERSION = 1.0;
				PRODUCT_BUNDLE_IDENTIFIER = ec.com.urbanoexpress.kripton2Tests;
				PRODUCT_NAME = "$(TARGET_NAME)";
				SWIFT_EMIT_LOC_STRINGS = NO;
				SWIFT_VERSION = 5.0;
				TARGETED_DEVICE_FAMILY = "1,2";
				TEST_HOST = "$(BUILT_PRODUCTS_DIR)/kripton2.app/kripton2";
			};
			name = Release;
		};
		9DFE474E290B735E008984F7 /* Debug */ = {
			isa = XCBuildConfiguration;
			buildSettings = {
				ALWAYS_EMBED_SWIFT_STANDARD_LIBRARIES = YES;
				CODE_SIGN_STYLE = Automatic;
				CURRENT_PROJECT_VERSION = 1;
				DEVELOPMENT_TEAM = 9BU7D968YC;
				GENERATE_INFOPLIST_FILE = YES;
				MARKETING_VERSION = 1.0;
				PRODUCT_BUNDLE_IDENTIFIER = ec.com.urbanoexpress.kripton2UITests;
				PRODUCT_NAME = "$(TARGET_NAME)";
				SWIFT_EMIT_LOC_STRINGS = NO;
				SWIFT_VERSION = 5.0;
				TARGETED_DEVICE_FAMILY = "1,2";
				TEST_TARGET_NAME = kripton2;
			};
			name = Debug;
		};
		9DFE474F290B735E008984F7 /* Release */ = {
			isa = XCBuildConfiguration;
			buildSettings = {
				ALWAYS_EMBED_SWIFT_STANDARD_LIBRARIES = YES;
				CODE_SIGN_STYLE = Automatic;
				CURRENT_PROJECT_VERSION = 1;
				DEVELOPMENT_TEAM = 9BU7D968YC;
				GENERATE_INFOPLIST_FILE = YES;
				MARKETING_VERSION = 1.0;
				PRODUCT_BUNDLE_IDENTIFIER = ec.com.urbanoexpress.kripton2UITests;
				PRODUCT_NAME = "$(TARGET_NAME)";
				SWIFT_EMIT_LOC_STRINGS = NO;
				SWIFT_VERSION = 5.0;
				TARGETED_DEVICE_FAMILY = "1,2";
				TEST_TARGET_NAME = kripton2;
			};
			name = Release;
		};
/* End XCBuildConfiguration section */

/* Begin XCConfigurationList section */
		9DFE471E290B735C008984F7 /* Build configuration list for PBXProject "kripton2" */ = {
			isa = XCConfigurationList;
			buildConfigurations = (
				9DFE4745290B735E008984F7 /* Debug */,
				9DFE4746290B735E008984F7 /* Release */,
			);
			defaultConfigurationIsVisible = 0;
			defaultConfigurationName = Release;
		};
		9DFE4747290B735E008984F7 /* Build configuration list for PBXNativeTarget "kripton2" */ = {
			isa = XCConfigurationList;
			buildConfigurations = (
				9DFE4748290B735E008984F7 /* Debug */,
				9DFE4749290B735E008984F7 /* Release */,
			);
			defaultConfigurationIsVisible = 0;
			defaultConfigurationName = Release;
		};
		9DFE474A290B735E008984F7 /* Build configuration list for PBXNativeTarget "kripton2Tests" */ = {
			isa = XCConfigurationList;
			buildConfigurations = (
				9DFE474B290B735E008984F7 /* Debug */,
				9DFE474C290B735E008984F7 /* Release */,
			);
			defaultConfigurationIsVisible = 0;
			defaultConfigurationName = Release;
		};
		9DFE474D290B735E008984F7 /* Build configuration list for PBXNativeTarget "kripton2UITests" */ = {
			isa = XCConfigurationList;
			buildConfigurations = (
				9DFE474E290B735E008984F7 /* Debug */,
				9DFE474F290B735E008984F7 /* Release */,
			);
			defaultConfigurationIsVisible = 0;
			defaultConfigurationName = Release;
		};
/* End XCConfigurationList section */
	};
	rootObject = 9DFE471B290B735C008984F7 /* Project object */;
}
